
Microsoft Visual Studio Solution File, Format Version 12.00
# Visual Studio Version 17
VisualStudioVersion = 17.1.32328.378
MinimumVisualStudioVersion = 10.0.40219.1
Project("{9A19103F-16F7-4668-BE54-9A1E7A4F7556}") = "AppneuronUnity", "AppneuronUnity.csproj", "{20606CCB-BCCD-4E6E-AE08-14719F70B655}"
EndProject
Global
	GlobalSection(SolutionConfigurationPlatforms) = preSolution
		Debug|Any CPU = Debug|Any CPU
		Release|Any CPU = Release|Any CPU
	EndGlobalSection
	GlobalSection(ProjectConfigurationPlatforms) = postSolution
		{20606CCB-BCCD-4E6E-AE08-14719F70B655}.Debug|Any CPU.ActiveCfg = Debug|Any CPU
		{20606CCB-BCCD-4E6E-AE08-14719F70B655}.Debug|Any CPU.Build.0 = Debug|Any CPU
		{20606CCB-BCCD-4E6E-AE08-14719F70B655}.Release|Any CPU.ActiveCfg = Release|Any CPU
		{20606CCB-BCCD-4E6E-AE08-14719F70B655}.Release|Any CPU.Build.0 = Release|Any CPU
	EndGlobalSection
	GlobalSection(SolutionProperties) = preSolution
		HideSolutionNode = FALSE
	EndGlobalSection
	GlobalSection(ExtensibilityGlobals) = postSolution
		SolutionGuid = {6C9A7980-07F1-4334-9019-7C31D84E521C}
	EndGlobalSection
EndGlobal
